
Microsoft Visual Studio Solution File, Format Version 12.00
Project("{FAE04EC0-301F-11D3-BF4B-00C04F79EFBC}") = "GameTrackerApi", "GameTrackerApi\GameTrackerApi.csproj", "{A23E5F78-3519-4E3B-8B65-D83E97FEC685}"
EndProject
Project("{FAE04EC0-301F-11D3-BF4B-00C04F79EFBC}") = "GameTrackerApi.Tests", "GameTrackerApi.Tests\GameTrackerApi.Tests.csproj", "{E9A75D2C-F8D9-4A14-807C-8AD0B904B8F5}"
EndProject
Global
	GlobalSection(SolutionConfigurationPlatforms) = preSolution
		Debug|Any CPU = Debug|Any CPU
		Release|Any CPU = Release|Any CPU
	EndGlobalSection
	GlobalSection(ProjectConfigurationPlatforms) = postSolution
		{A23E5F78-3519-4E3B-8B65-D83E97FEC685}.Debug|Any CPU.ActiveCfg = Debug|Any CPU
		{A23E5F78-3519-4E3B-8B65-D83E97FEC685}.Debug|Any CPU.Build.0 = Debug|Any CPU
		{A23E5F78-3519-4E3B-8B65-D83E97FEC685}.Release|Any CPU.ActiveCfg = Release|Any CPU
		{A23E5F78-3519-4E3B-8B65-D83E97FEC685}.Release|Any CPU.Build.0 = Release|Any CPU
		{E9A75D2C-F8D9-4A14-807C-8AD0B904B8F5}.Debug|Any CPU.ActiveCfg = Debug|Any CPU
		{E9A75D2C-F8D9-4A14-807C-8AD0B904B8F5}.Debug|Any CPU.Build.0 = Debug|Any CPU
		{E9A75D2C-F8D9-4A14-807C-8AD0B904B8F5}.Release|Any CPU.ActiveCfg = Release|Any CPU
		{E9A75D2C-F8D9-4A14-807C-8AD0B904B8F5}.Release|Any CPU.Build.0 = Release|Any CPU
	EndGlobalSection
EndGlobal
